
Microsoft Visual Studio Solution File, Format Version 12.00
# Visual Studio 2013
VisualStudioVersion = 12.0.30110.0
MinimumVisualStudioVersion = 10.0.40219.1
Project("{2150E333-8FDC-42A3-9474-1A3956D46DE8}") = "Web", "Web", "{672D5B58-B84D-43CB-AF32-D73F5335E827}"
EndProject
Project("{2150E333-8FDC-42A3-9474-1A3956D46DE8}") = "Api", "Api", "{A4F4E2AA-53C8-4147-B247-992AFC2545B7}"
EndProject
Project("{FAE04EC0-301F-11D3-BF4B-00C04F79EFBC}") = "Bog.Web.Api.Tests", "Bog.Web.Api.Tests\Bog.Web.Api.Tests.csproj", "{3011EB18-0CE4-4A2E-94C2-13DC702CB751}"
EndProject
Project("{2150E333-8FDC-42A3-9474-1A3956D46DE8}") = "Domain", "Domain", "{FCC980C8-40A7-49B9-9509-F5AD497D6013}"
EndProject
Project("{2150E333-8FDC-42A3-9474-1A3956D46DE8}") = "Data", "Data", "{A82A7389-D208-4174-A150-0A358D1334F7}"
EndProject
Project("{FAE04EC0-301F-11D3-BF4B-00C04F79EFBC}") = "Bog.Domain.Entities", "Bog.Domain.Entities\Bog.Domain.Entities.csproj", "{ECCC86DD-C83A-4B54-939E-15087946B385}"
EndProject
Project("{2150E333-8FDC-42A3-9474-1A3956D46DE8}") = ".nuget", ".nuget", "{A7989BCB-2756-493F-BA6C-E2D61DEDBE87}"
	ProjectSection(SolutionItems) = preProject
		.nuget\NuGet.Config = .nuget\NuGet.Config
		.nuget\NuGet.exe = .nuget\NuGet.exe
		.nuget\NuGet.targets = .nuget\NuGet.targets
	EndProjectSection
EndProject
Project("{FAE04EC0-301F-11D3-BF4B-00C04F79EFBC}") = "Bog.Web.Api.Controllers", "Bog.Web.Api.Controllers\Bog.Web.Api.Controllers.csproj", "{F1715540-8755-430B-9B36-52905397470D}"
EndProject
Project("{FAE04EC0-301F-11D3-BF4B-00C04F79EFBC}") = "Bog.Data.EntityFramework", "Bog.Data.EntityFramework\Bog.Data.EntityFramework.csproj", "{5D0FD589-B7C1-4EE2-A5E8-EB6AC9B12661}"
EndProject
Project("{FAE04EC0-301F-11D3-BF4B-00C04F79EFBC}") = "Bog.Data.Entities", "Bog.Data.Entities\Bog.Data.Entities.csproj", "{49C3F8DA-9137-4414-A4CC-81DBB9DF8E8A}"
EndProject
Project("{FAE04EC0-301F-11D3-BF4B-00C04F79EFBC}") = "Bog.Data.Repositories", "Bog.Data.Repositories\Bog.Data.Repositories.csproj", "{607591BF-4B8B-4FAC-870A-B45D4DCEBF37}"
EndProject
Project("{FAE04EC0-301F-11D3-BF4B-00C04F79EFBC}") = "Bog.Domain.Repositories", "Bog.Domain.Repositories\Bog.Domain.Repositories.csproj", "{6065CB7B-BD66-475F-871C-0CEC7161C58B}"
EndProject
Project("{2150E333-8FDC-42A3-9474-1A3956D46DE8}") = "Common", "Common", "{3CE8EFEB-06FB-4B5F-B19F-E6599D3034BA}"
EndProject
Project("{FAE04EC0-301F-11D3-BF4B-00C04F79EFBC}") = "Bog.Logging", "Bog.Logging\Bog.Logging.csproj", "{DF2B0054-98C5-4A7A-BD99-99301ADF11A0}"
EndProject
Project("{FAE04EC0-301F-11D3-BF4B-00C04F79EFBC}") = "Bog.Internationalization", "Bog.Internationalization\Bog.Internationalization.csproj", "{A38F6835-2D2D-4BF6-89D2-02C4ACE24B4D}"
EndProject
Project("{FAE04EC0-301F-11D3-BF4B-00C04F79EFBC}") = "Bog.Web.Api", "Bog.Web.Api\Bog.Web.Api.csproj", "{1B74F997-F9AC-4E01-BFDE-C84C59ACBAD1}"
EndProject
Project("{FAE04EC0-301F-11D3-BF4B-00C04F79EFBC}") = "Bog.Domain.LocationServices", "Bog.Domain.LocationServices\Bog.Domain.LocationServices.csproj", "{32AF086B-EF36-434B-9FA9-71CB1CBC4AC3}"
EndProject
Project("{FAE04EC0-301F-11D3-BF4B-00C04F79EFBC}") = "Bog.Composition", "Bog.Composition\Bog.Composition.csproj", "{0594694A-D583-4919-8A27-0A4C6A530D70}"
EndProject
Project("{FAE04EC0-301F-11D3-BF4B-00C04F79EFBC}") = "Bog.Extensions", "Bog.Extensions\Bog.Extensions.csproj", "{7C7E0E34-89B0-462A-84E5-0A1197F05CFB}"
EndProject
Project("{FAE04EC0-301F-11D3-BF4B-00C04F79EFBC}") = "Bog.Enumerations", "Bog.Enumerations\Bog.Enumerations.csproj", "{866B1D41-E199-42FF-9C95-03F8FCE0FFC3}"
EndProject
Project("{2150E333-8FDC-42A3-9474-1A3956D46DE8}") = "Tests", "Tests", "{DA5BB067-2AC3-4103-8F5E-A435831329E2}"
EndProject
Project("{2150E333-8FDC-42A3-9474-1A3956D46DE8}") = "Utilities", "Utilities", "{7561B221-6784-465C-BCEE-8F6A577B277E}"
EndProject
Project("{FAE04EC0-301F-11D3-BF4B-00C04F79EFBC}") = "Bog.DatabaseInitializer", "Bog.DatabaseInitializer\Bog.DatabaseInitializer.csproj", "{10C2E082-314F-4C8C-9D30-8B06E05B08DD}"
EndProject
Global
	GlobalSection(SolutionConfigurationPlatforms) = preSolution
		Debug|Any CPU = Debug|Any CPU
		Debug|x64 = Debug|x64
		Release|Any CPU = Release|Any CPU
		Release|x64 = Release|x64
	EndGlobalSection
	GlobalSection(ProjectConfigurationPlatforms) = postSolution
		{3011EB18-0CE4-4A2E-94C2-13DC702CB751}.Debug|Any CPU.ActiveCfg = Debug|Any CPU
		{3011EB18-0CE4-4A2E-94C2-13DC702CB751}.Debug|Any CPU.Build.0 = Debug|Any CPU
		{3011EB18-0CE4-4A2E-94C2-13DC702CB751}.Debug|x64.ActiveCfg = Debug|x64
		{3011EB18-0CE4-4A2E-94C2-13DC702CB751}.Debug|x64.Build.0 = Debug|x64
		{3011EB18-0CE4-4A2E-94C2-13DC702CB751}.Release|Any CPU.ActiveCfg = Release|Any CPU
		{3011EB18-0CE4-4A2E-94C2-13DC702CB751}.Release|Any CPU.Build.0 = Release|Any CPU
		{3011EB18-0CE4-4A2E-94C2-13DC702CB751}.Release|x64.ActiveCfg = Release|x64
		{3011EB18-0CE4-4A2E-94C2-13DC702CB751}.Release|x64.Build.0 = Release|x64
		{ECCC86DD-C83A-4B54-939E-15087946B385}.Debug|Any CPU.ActiveCfg = Debug|Any CPU
		{ECCC86DD-C83A-4B54-939E-15087946B385}.Debug|Any CPU.Build.0 = Debug|Any CPU
		{ECCC86DD-C83A-4B54-939E-15087946B385}.Debug|x64.ActiveCfg = Debug|x64
		{ECCC86DD-C83A-4B54-939E-15087946B385}.Debug|x64.Build.0 = Debug|x64
		{ECCC86DD-C83A-4B54-939E-15087946B385}.Release|Any CPU.ActiveCfg = Release|Any CPU
		{ECCC86DD-C83A-4B54-939E-15087946B385}.Release|Any CPU.Build.0 = Release|Any CPU
		{ECCC86DD-C83A-4B54-939E-15087946B385}.Release|x64.ActiveCfg = Release|x64
		{ECCC86DD-C83A-4B54-939E-15087946B385}.Release|x64.Build.0 = Release|x64
		{F1715540-8755-430B-9B36-52905397470D}.Debug|Any CPU.ActiveCfg = Debug|Any CPU
		{F1715540-8755-430B-9B36-52905397470D}.Debug|Any CPU.Build.0 = Debug|Any CPU
		{F1715540-8755-430B-9B36-52905397470D}.Debug|x64.ActiveCfg = Debug|x64
		{F1715540-8755-430B-9B36-52905397470D}.Debug|x64.Build.0 = Debug|x64
		{F1715540-8755-430B-9B36-52905397470D}.Release|Any CPU.ActiveCfg = Release|Any CPU
		{F1715540-8755-430B-9B36-52905397470D}.Release|Any CPU.Build.0 = Release|Any CPU
		{F1715540-8755-430B-9B36-52905397470D}.Release|x64.ActiveCfg = Release|x64
		{F1715540-8755-430B-9B36-52905397470D}.Release|x64.Build.0 = Release|x64
		{5D0FD589-B7C1-4EE2-A5E8-EB6AC9B12661}.Debug|Any CPU.ActiveCfg = Debug|Any CPU
		{5D0FD589-B7C1-4EE2-A5E8-EB6AC9B12661}.Debug|Any CPU.Build.0 = Debug|Any CPU
		{5D0FD589-B7C1-4EE2-A5E8-EB6AC9B12661}.Debug|x64.ActiveCfg = Debug|x64
		{5D0FD589-B7C1-4EE2-A5E8-EB6AC9B12661}.Debug|x64.Build.0 = Debug|x64
		{5D0FD589-B7C1-4EE2-A5E8-EB6AC9B12661}.Release|Any CPU.ActiveCfg = Release|Any CPU
		{5D0FD589-B7C1-4EE2-A5E8-EB6AC9B12661}.Release|Any CPU.Build.0 = Release|Any CPU
		{5D0FD589-B7C1-4EE2-A5E8-EB6AC9B12661}.Release|x64.ActiveCfg = Release|x64
		{5D0FD589-B7C1-4EE2-A5E8-EB6AC9B12661}.Release|x64.Build.0 = Release|x64
		{49C3F8DA-9137-4414-A4CC-81DBB9DF8E8A}.Debug|Any CPU.ActiveCfg = Debug|Any CPU
		{49C3F8DA-9137-4414-A4CC-81DBB9DF8E8A}.Debug|Any CPU.Build.0 = Debug|Any CPU
		{49C3F8DA-9137-4414-A4CC-81DBB9DF8E8A}.Debug|x64.ActiveCfg = Debug|x64
		{49C3F8DA-9137-4414-A4CC-81DBB9DF8E8A}.Debug|x64.Build.0 = Debug|x64
		{49C3F8DA-9137-4414-A4CC-81DBB9DF8E8A}.Release|Any CPU.ActiveCfg = Release|Any CPU
		{49C3F8DA-9137-4414-A4CC-81DBB9DF8E8A}.Release|Any CPU.Build.0 = Release|Any CPU
		{49C3F8DA-9137-4414-A4CC-81DBB9DF8E8A}.Release|x64.ActiveCfg = Release|x64
		{49C3F8DA-9137-4414-A4CC-81DBB9DF8E8A}.Release|x64.Build.0 = Release|x64
		{607591BF-4B8B-4FAC-870A-B45D4DCEBF37}.Debug|Any CPU.ActiveCfg = Debug|Any CPU
		{607591BF-4B8B-4FAC-870A-B45D4DCEBF37}.Debug|Any CPU.Build.0 = Debug|Any CPU
		{607591BF-4B8B-4FAC-870A-B45D4DCEBF37}.Debug|x64.ActiveCfg = Debug|x64
		{607591BF-4B8B-4FAC-870A-B45D4DCEBF37}.Debug|x64.Build.0 = Debug|x64
		{607591BF-4B8B-4FAC-870A-B45D4DCEBF37}.Release|Any CPU.ActiveCfg = Release|Any CPU
		{607591BF-4B8B-4FAC-870A-B45D4DCEBF37}.Release|Any CPU.Build.0 = Release|Any CPU
		{607591BF-4B8B-4FAC-870A-B45D4DCEBF37}.Release|x64.ActiveCfg = Release|x64
		{607591BF-4B8B-4FAC-870A-B45D4DCEBF37}.Release|x64.Build.0 = Release|x64
		{6065CB7B-BD66-475F-871C-0CEC7161C58B}.Debug|Any CPU.ActiveCfg = Debug|Any CPU
		{6065CB7B-BD66-475F-871C-0CEC7161C58B}.Debug|Any CPU.Build.0 = Debug|Any CPU
		{6065CB7B-BD66-475F-871C-0CEC7161C58B}.Debug|x64.ActiveCfg = Debug|x64
		{6065CB7B-BD66-475F-871C-0CEC7161C58B}.Debug|x64.Build.0 = Debug|x64
		{6065CB7B-BD66-475F-871C-0CEC7161C58B}.Release|Any CPU.ActiveCfg = Release|Any CPU
		{6065CB7B-BD66-475F-871C-0CEC7161C58B}.Release|Any CPU.Build.0 = Release|Any CPU
		{6065CB7B-BD66-475F-871C-0CEC7161C58B}.Release|x64.ActiveCfg = Release|x64
		{6065CB7B-BD66-475F-871C-0CEC7161C58B}.Release|x64.Build.0 = Release|x64
		{DF2B0054-98C5-4A7A-BD99-99301ADF11A0}.Debug|Any CPU.ActiveCfg = Debug|Any CPU
		{DF2B0054-98C5-4A7A-BD99-99301ADF11A0}.Debug|Any CPU.Build.0 = Debug|Any CPU
		{DF2B0054-98C5-4A7A-BD99-99301ADF11A0}.Debug|x64.ActiveCfg = Debug|x64
		{DF2B0054-98C5-4A7A-BD99-99301ADF11A0}.Debug|x64.Build.0 = Debug|x64
		{DF2B0054-98C5-4A7A-BD99-99301ADF11A0}.Release|Any CPU.ActiveCfg = Release|Any CPU
		{DF2B0054-98C5-4A7A-BD99-99301ADF11A0}.Release|Any CPU.Build.0 = Release|Any CPU
		{DF2B0054-98C5-4A7A-BD99-99301ADF11A0}.Release|x64.ActiveCfg = Release|x64
		{DF2B0054-98C5-4A7A-BD99-99301ADF11A0}.Release|x64.Build.0 = Release|x64
		{A38F6835-2D2D-4BF6-89D2-02C4ACE24B4D}.Debug|Any CPU.ActiveCfg = Debug|Any CPU
		{A38F6835-2D2D-4BF6-89D2-02C4ACE24B4D}.Debug|Any CPU.Build.0 = Debug|Any CPU
		{A38F6835-2D2D-4BF6-89D2-02C4ACE24B4D}.Debug|x64.ActiveCfg = Debug|x64
		{A38F6835-2D2D-4BF6-89D2-02C4ACE24B4D}.Debug|x64.Build.0 = Debug|x64
		{A38F6835-2D2D-4BF6-89D2-02C4ACE24B4D}.Release|Any CPU.ActiveCfg = Release|Any CPU
		{A38F6835-2D2D-4BF6-89D2-02C4ACE24B4D}.Release|Any CPU.Build.0 = Release|Any CPU
		{A38F6835-2D2D-4BF6-89D2-02C4ACE24B4D}.Release|x64.ActiveCfg = Release|x64
		{A38F6835-2D2D-4BF6-89D2-02C4ACE24B4D}.Release|x64.Build.0 = Release|x64
		{1B74F997-F9AC-4E01-BFDE-C84C59ACBAD1}.Debug|Any CPU.ActiveCfg = Debug|Any CPU
		{1B74F997-F9AC-4E01-BFDE-C84C59ACBAD1}.Debug|Any CPU.Build.0 = Debug|Any CPU
		{1B74F997-F9AC-4E01-BFDE-C84C59ACBAD1}.Debug|x64.ActiveCfg = Debug|x64
		{1B74F997-F9AC-4E01-BFDE-C84C59ACBAD1}.Debug|x64.Build.0 = Debug|x64
		{1B74F997-F9AC-4E01-BFDE-C84C59ACBAD1}.Release|Any CPU.ActiveCfg = Release|Any CPU
		{1B74F997-F9AC-4E01-BFDE-C84C59ACBAD1}.Release|Any CPU.Build.0 = Release|Any CPU
		{1B74F997-F9AC-4E01-BFDE-C84C59ACBAD1}.Release|x64.ActiveCfg = Release|x64
		{1B74F997-F9AC-4E01-BFDE-C84C59ACBAD1}.Release|x64.Build.0 = Release|x64
		{32AF086B-EF36-434B-9FA9-71CB1CBC4AC3}.Debug|Any CPU.ActiveCfg = Debug|Any CPU
		{32AF086B-EF36-434B-9FA9-71CB1CBC4AC3}.Debug|Any CPU.Build.0 = Debug|Any CPU
		{32AF086B-EF36-434B-9FA9-71CB1CBC4AC3}.Debug|x64.ActiveCfg = Debug|x64
		{32AF086B-EF36-434B-9FA9-71CB1CBC4AC3}.Debug|x64.Build.0 = Debug|x64
		{32AF086B-EF36-434B-9FA9-71CB1CBC4AC3}.Release|Any CPU.ActiveCfg = Release|Any CPU
		{32AF086B-EF36-434B-9FA9-71CB1CBC4AC3}.Release|Any CPU.Build.0 = Release|Any CPU
		{32AF086B-EF36-434B-9FA9-71CB1CBC4AC3}.Release|x64.ActiveCfg = Release|x64
		{32AF086B-EF36-434B-9FA9-71CB1CBC4AC3}.Release|x64.Build.0 = Release|x64
		{0594694A-D583-4919-8A27-0A4C6A530D70}.Debug|Any CPU.ActiveCfg = Debug|Any CPU
		{0594694A-D583-4919-8A27-0A4C6A530D70}.Debug|Any CPU.Build.0 = Debug|Any CPU
		{0594694A-D583-4919-8A27-0A4C6A530D70}.Debug|x64.ActiveCfg = Debug|x64
		{0594694A-D583-4919-8A27-0A4C6A530D70}.Debug|x64.Build.0 = Debug|x64
		{0594694A-D583-4919-8A27-0A4C6A530D70}.Release|Any CPU.ActiveCfg = Release|Any CPU
		{0594694A-D583-4919-8A27-0A4C6A530D70}.Release|Any CPU.Build.0 = Release|Any CPU
		{0594694A-D583-4919-8A27-0A4C6A530D70}.Release|x64.ActiveCfg = Release|x64
		{0594694A-D583-4919-8A27-0A4C6A530D70}.Release|x64.Build.0 = Release|x64
		{7C7E0E34-89B0-462A-84E5-0A1197F05CFB}.Debug|Any CPU.ActiveCfg = Debug|Any CPU
		{7C7E0E34-89B0-462A-84E5-0A1197F05CFB}.Debug|Any CPU.Build.0 = Debug|Any CPU
		{7C7E0E34-89B0-462A-84E5-0A1197F05CFB}.Debug|x64.ActiveCfg = Debug|x64
		{7C7E0E34-89B0-462A-84E5-0A1197F05CFB}.Debug|x64.Build.0 = Debug|x64
		{7C7E0E34-89B0-462A-84E5-0A1197F05CFB}.Release|Any CPU.ActiveCfg = Release|Any CPU
		{7C7E0E34-89B0-462A-84E5-0A1197F05CFB}.Release|Any CPU.Build.0 = Release|Any CPU
		{7C7E0E34-89B0-462A-84E5-0A1197F05CFB}.Release|x64.ActiveCfg = Release|x64
		{7C7E0E34-89B0-462A-84E5-0A1197F05CFB}.Release|x64.Build.0 = Release|x64
		{866B1D41-E199-42FF-9C95-03F8FCE0FFC3}.Debug|Any CPU.ActiveCfg = Debug|Any CPU
		{866B1D41-E199-42FF-9C95-03F8FCE0FFC3}.Debug|Any CPU.Build.0 = Debug|Any CPU
		{866B1D41-E199-42FF-9C95-03F8FCE0FFC3}.Debug|x64.ActiveCfg = Debug|x64
		{866B1D41-E199-42FF-9C95-03F8FCE0FFC3}.Debug|x64.Build.0 = Debug|x64
		{866B1D41-E199-42FF-9C95-03F8FCE0FFC3}.Release|Any CPU.ActiveCfg = Release|Any CPU
		{866B1D41-E199-42FF-9C95-03F8FCE0FFC3}.Release|Any CPU.Build.0 = Release|Any CPU
		{866B1D41-E199-42FF-9C95-03F8FCE0FFC3}.Release|x64.ActiveCfg = Release|x64
		{866B1D41-E199-42FF-9C95-03F8FCE0FFC3}.Release|x64.Build.0 = Release|x64
		{10C2E082-314F-4C8C-9D30-8B06E05B08DD}.Debug|Any CPU.ActiveCfg = Debug|Any CPU
		{10C2E082-314F-4C8C-9D30-8B06E05B08DD}.Debug|Any CPU.Build.0 = Debug|Any CPU
		{10C2E082-314F-4C8C-9D30-8B06E05B08DD}.Debug|x64.ActiveCfg = Debug|x64
		{10C2E082-314F-4C8C-9D30-8B06E05B08DD}.Debug|x64.Build.0 = Debug|x64
		{10C2E082-314F-4C8C-9D30-8B06E05B08DD}.Release|Any CPU.ActiveCfg = Release|Any CPU
		{10C2E082-314F-4C8C-9D30-8B06E05B08DD}.Release|Any CPU.Build.0 = Release|Any CPU
		{10C2E082-314F-4C8C-9D30-8B06E05B08DD}.Release|x64.ActiveCfg = Release|x64
		{10C2E082-314F-4C8C-9D30-8B06E05B08DD}.Release|x64.Build.0 = Release|x64
	EndGlobalSection
	GlobalSection(SolutionProperties) = preSolution
		HideSolutionNode = FALSE
	EndGlobalSection
	GlobalSection(NestedProjects) = preSolution
		{3011EB18-0CE4-4A2E-94C2-13DC702CB751} = {A4F4E2AA-53C8-4147-B247-992AFC2545B7}
		{F1715540-8755-430B-9B36-52905397470D} = {A4F4E2AA-53C8-4147-B247-992AFC2545B7}
		{1B74F997-F9AC-4E01-BFDE-C84C59ACBAD1} = {A4F4E2AA-53C8-4147-B247-992AFC2545B7}
		{ECCC86DD-C83A-4B54-939E-15087946B385} = {FCC980C8-40A7-49B9-9509-F5AD497D6013}
		{6065CB7B-BD66-475F-871C-0CEC7161C58B} = {FCC980C8-40A7-49B9-9509-F5AD497D6013}
		{32AF086B-EF36-434B-9FA9-71CB1CBC4AC3} = {FCC980C8-40A7-49B9-9509-F5AD497D6013}
		{5D0FD589-B7C1-4EE2-A5E8-EB6AC9B12661} = {A82A7389-D208-4174-A150-0A358D1334F7}
		{49C3F8DA-9137-4414-A4CC-81DBB9DF8E8A} = {A82A7389-D208-4174-A150-0A358D1334F7}
		{607591BF-4B8B-4FAC-870A-B45D4DCEBF37} = {A82A7389-D208-4174-A150-0A358D1334F7}
		{DA5BB067-2AC3-4103-8F5E-A435831329E2} = {A82A7389-D208-4174-A150-0A358D1334F7}
		{DF2B0054-98C5-4A7A-BD99-99301ADF11A0} = {3CE8EFEB-06FB-4B5F-B19F-E6599D3034BA}
		{A38F6835-2D2D-4BF6-89D2-02C4ACE24B4D} = {3CE8EFEB-06FB-4B5F-B19F-E6599D3034BA}
		{0594694A-D583-4919-8A27-0A4C6A530D70} = {3CE8EFEB-06FB-4B5F-B19F-E6599D3034BA}
		{7C7E0E34-89B0-462A-84E5-0A1197F05CFB} = {3CE8EFEB-06FB-4B5F-B19F-E6599D3034BA}
		{866B1D41-E199-42FF-9C95-03F8FCE0FFC3} = {3CE8EFEB-06FB-4B5F-B19F-E6599D3034BA}
		{10C2E082-314F-4C8C-9D30-8B06E05B08DD} = {7561B221-6784-465C-BCEE-8F6A577B277E}
	EndGlobalSection
EndGlobal
